
Microsoft Visual Studio Solution File, Format Version 10.00
# Visual C++ Express 2008
Project("{8BC9CEB8-8B4A-11D0-8D11-00A0C91BC942}") = "Interpreter", "Interpreter.vcproj", "{C068EB7C-9E35-49BE-A811-5840DCF5A967}"
EndProject
Global
	GlobalSection(SolutionConfigurationPlatforms) = preSolution
		Debug|Win32 = Debug|Win32
		Release|Win32 = Release|Win32
	EndGlobalSection
	GlobalSection(ProjectConfigurationPlatforms) = postSolution
		{C068EB7C-9E35-49BE-A811-5840DCF5A967}.Debug|Win32.ActiveCfg = Debug|Win32
		{C068EB7C-9E35-49BE-A811-5840DCF5A967}.Debug|Win32.Build.0 = Debug|Win32
		{C068EB7C-9E35-49BE-A811-5840DCF5A967}.Release|Win32.ActiveCfg = Release|Win32
		{C068EB7C-9E35-49BE-A811-5840DCF5A967}.Release|Win32.Build.0 = Release|Win32
	EndGlobalSection
	GlobalSection(SolutionProperties) = preSolution
		HideSolutionNode = FALSE
	EndGlobalSection
EndGlobal
